<?xml version="1.0" encoding="utf-8"?>
<Project ToolsVersion="17.0" xmlns="http://schemas.microsoft.com/developer/msbuild/2003">
  <ItemGroup>
    <ClCompile Include="C:\stufff\stub\entry.c">
      <Filter>Source Files</Filter>
    </ClCompile>
    <ClCompile Include="C:\stufff\core\utils.c">
      <Filter>Source Files</Filter>
    </ClCompile>
    <ClCompile Include="C:\stufff\core\syscalls.c">
      <Filter>Source Files</Filter>
    </ClCompile>
    <ClCompile Include="C:\stufff\core\mem.c">
      <Filter>Source Files</Filter>
    </ClCompile>
    <ClCompile Include="C:\stufff\core\evasion.c">
      <Filter>Source Files</Filter>
    </ClCompile>
    <ClCompile Include="C:\stufff\core\rdi.c">
      <Filter>Source Files</Filter>
    </ClCompile>
    <ClCompile Include="C:\stufff\core\strategy.c">
      <Filter>Source Files</Filter>
    </ClCompile>
    <ClCompile Include="C:\stufff\core\strategy_ekko.c">
      <Filter>Source Files</Filter>
    </ClCompile>
    <ClCompile Include="C:\stufff\core\ekko_advanced.c">
      <Filter>Source Files</Filter>
    </ClCompile>
    <ClCompile Include="C:\stufff\core\halo_gate.c">
      <Filter>Source Files</Filter>
    </ClCompile>
    <ClCompile Include="C:\stufff\core\coff_loader.c">
      <Filter>Source Files</Filter>
    </ClCompile>
    <ClCompile Include="C:\stufff\core\injection_arsenal.c">
      <Filter>Source Files</Filter>
    </ClCompile>
    <ClCompile Include="C:\stufff\core\injection_techniques.c">
      <Filter>Source Files</Filter>
    </ClCompile>
    <ClCompile Include="C:\stufff\core\cynical_logger.c">
      <Filter>Source Files</Filter>
    </ClCompile>
    <ClCompile Include="C:\stufff\core\environment_chameleon.c">
      <Filter>Source Files</Filter>
    </ClCompile>
    <ClCompile Include="C:\stufff\core\intelligent_bypass.c">
      <Filter>Source Files</Filter>
    </ClCompile>
    <ClCompile Include="C:\stufff\core\kernel_direct_syscalls.c">
      <Filter>Source Files</Filter>
    </ClCompile>
    <ClCompile Include="C:\stufff\core\dynamic_payload_generator.c">
      <Filter>Source Files</Filter>
    </ClCompile>
    <ClCompile Include="C:\stufff\core\performance_profiler.c">
      <Filter>Source Files</Filter>
    </ClCompile>
    <ClCompile Include="C:\stufff\core\manual_loader.c">
      <Filter>Source Files</Filter>
    </ClCompile>
    <ClCompile Include="C:\stufff\core\strategy_manual_load.c">
      <Filter>Source Files</Filter>
    </ClCompile>
    <ClCompile Include="C:\stufff\core\loader.c">
      <Filter>Source Files</Filter>
    </ClCompile>
  </ItemGroup>
  <ItemGroup>
    <CustomBuild Include="C:\stufff\CMakeLists.txt" />
  </ItemGroup>
  <ItemGroup>
    <MASM Include="C:\stufff\core\syscall_stub.asm" />
    <MASM Include="C:\stufff\core\stealth_operations.asm" />
  </ItemGroup>
  <ItemGroup>
    <Filter Include="Source Files">
      <UniqueIdentifier>{3BF88DEA-748B-319D-A68B-04E65FBB846F}</UniqueIdentifier>
    </Filter>
  </ItemGroup>
</Project>
