<?xml version="1.0" encoding="utf-8"?>
<Project ToolsVersion="17.0" xmlns="http://schemas.microsoft.com/developer/msbuild/2003">
  <ItemGroup>
    <ClCompile Include="C:\stufff\test_payload\src\dllmain.c">
      <Filter>Source Files</Filter>
    </ClCompile>
    <ClCompile Include="C:\stufff\test_payload\src\reflective_loader.c">
      <Filter>Source Files</Filter>
    </ClCompile>
  </ItemGroup>
  <ItemGroup>
    <CustomBuild Include="C:\stufff\test_payload\CMakeLists.txt" />
  </ItemGroup>
  <ItemGroup>
    <Filter Include="Source Files">
      <UniqueIdentifier>{3BF88DEA-748B-319D-A68B-04E65FBB846F}</UniqueIdentifier>
    </Filter>
  </ItemGroup>
</Project>
